{
  "name": "capawesome-plugins",
  "lockfileVersion": 3,
  "requires": true,
  "packages": {
    "": {
      "dependencies": {
        "@capawesome-team/capacitor-bluetooth-low-energy": "^6.2.0",
        "@capawesome-team/capacitor-file-compressor": "^6.1.0",
        "@capawesome-team/capacitor-printer": "^6.1.0",
        "@capawesome-team/capacitor-wifi": "^6.2.0",
        "@capawesome-team/capacitor-zip": "^6.2.0"
      },
      "devDependencies": {
        "dotenv": "^16.4.5"
      }
    },
    "node_modules/@capacitor/core": {
      "version": "6.1.2",
      "resolved": "https://registry.npmjs.org/@capacitor/core/-/core-6.1.2.tgz",
      "integrity": "sha512-xFy1/4qLFLp5WCIzIhtwUuVNNoz36+V7/BzHmLqgVJcvotc4MMjswW/TshnPQaLLujEOaLkA4h8ZJ0uoK3ImGg==",
      "license": "MIT",
      "peer": true,
      "dependencies": {
        "tslib": "^2.1.0"
      }
    },
    "node_modules/@capawesome-team/capacitor-bluetooth-low-energy": {
      "version": "6.2.0",
      "resolved": "https://npm.registry.capawesome.io/download/@capawesome-team/capacitor-bluetooth-low-energy/6.2.0/7d27b3296beec43bfe3036d88c4adfffc04389f6",
      "integrity": "sha512-sA2k+UxRuuR7jTbq4JBKGI5GCBFYoGGFuN7oEgSoxnpZg4v/Q4iV1AhEPP88bBP1BwYB/xoWaUWOTUSnjDTOxg==",
      "peerDependencies": {
        "@capacitor/core": "^6.0.0"
      }
    },
    "node_modules/@capawesome-team/capacitor-file-compressor": {
      "version": "6.1.0",
      "resolved": "https://npm.registry.capawesome.io/download/@capawesome-team/capacitor-file-compressor/6.1.0/b22c6c646279a67ca32f30982e4562bff62681a1",
      "integrity": "sha512-X9rh/r0KnxHsRHRca2wT2uCitCO4R047CjqODAxomXhTnvX5gOEesHNKrIPMo198d3Ml31jYcnJhVhqamr8l0A==",
      "peerDependencies": {
        "@capacitor/core": "^6.0.0"
      }
    },
    "node_modules/@capawesome-team/capacitor-printer": {
      "version": "6.1.0",
      "resolved": "https://npm.registry.capawesome.io/download/@capawesome-team/capacitor-printer/6.1.0/b6f786e308d4e7e12b0b0df371d1a8eac40395d1",
      "integrity": "sha512-blWmkMet7A2kkiiyae8RCb6IcdbNXbDO2Ho8kpkXGsh8wReUPaRSb/fy+lXOsSE8Vzj07rtJhJYm+4xZyLNj2Q==",
      "peerDependencies": {
        "@capacitor/core": "^6.0.0"
      }
    },
    "node_modules/@capawesome-team/capacitor-wifi": {
      "version": "6.2.0",
      "resolved": "https://npm.registry.capawesome.io/download/@capawesome-team/capacitor-wifi/6.2.0/be937799e97bccc39aa5d66ded5de6a1a304151c",
      "integrity": "sha512-+i7FLDESy9+vl8Mc0EQExXiqV+DxvhPTl/WBGNfiTQHTdFiwnU0zRgthJ5HGYtOFNFzNP3voSG803tbunRtliQ==",
      "peerDependencies": {
        "@capacitor/core": "^6.0.0"
      }
    },
    "node_modules/@capawesome-team/capacitor-zip": {
      "version": "6.2.0",
      "resolved": "https://npm.registry.capawesome.io/download/@capawesome-team/capacitor-zip/6.2.0/cee10330c16c4fc1a464d3302b8504ba5b5aaa0f",
      "integrity": "sha512-PjFIX7yEJRX/SNasNnp0jS/G/tyuZMYon0LvfjdrbWgWRlPZRZo7GjsAIGV1prtjr/YOa6QZoEN1tG9slKFMqA==",
      "peerDependencies": {
        "@capacitor/core": "^6.0.0"
      }
    },
    "node_modules/dotenv": {
      "version": "16.4.5",
      "resolved": "https://registry.npmjs.org/dotenv/-/dotenv-16.4.5.tgz",
      "integrity": "sha512-ZmdL2rui+eB2YwhsWzjInR8LldtZHGDoQ1ugH85ppHKwpUHL7j7rN0Ti9NCnGiQbhaZ11FpR+7ao1dNsmduNUg==",
      "dev": true,
      "license": "BSD-2-Clause",
      "engines": {
        "node": ">=12"
      },
      "funding": {
        "url": "https://dotenvx.com"
      }
    },
    "node_modules/tslib": {
      "version": "2.8.1",
      "resolved": "https://registry.npmjs.org/tslib/-/tslib-2.8.1.tgz",
      "integrity": "sha512-oJFu94HQb+KVduSUQL7wnpmqnfmLsOA/nAh6b6EH0wCEoK0/mPeXU6c3wKDV83MkOuHPRHtSXKKU99IBazS/2w==",
      "license": "0BSD",
      "peer": true
    }
  }
}
